{
  "lockfile_version": "1",
  "packages": {
    "git@latest": {
      "last_modified": "2026-08-27T07:16:00Z",
      "resolved": "github:NixOS/nixpkgs/c27cdad491a991b11ed731760aa2ef8db0cb0410#git",
      "source": "devbox-search",
      "version": "2.55.0",
      "systems": {
        "aarch64-darwin": {
          "outputs": [
            {
              "name": "out",
              "path": "/nix/store/yqw09igi72yxpgy3d1b25vbh5l8rx227-git-2.55.0",
              "default": true
            },
            {
              "name": "doc",
              "path": "/nix/store/i8y217wsan9w8l62m7w2a0rrnmviaqqk-git-2.55.0-doc"
            }
          ],
          "store_path": "/nix/store/yqw09igi72yxpgy3d1b25vbh5l8rx227-git-2.55.0"
        },
        "aarch64-linux": {
          "outputs": [
            {
              "name": "out",
              "path": "/nix/store/clxhwm4v3gl0k3hazm0zpx14gz2w0clz-git-2.55.0",
              "default": true
            },
            {
              "name": "doc",
              "path": "/nix/store/ryn8xbxi2i1d2dharz9r7kb2ymqfgkyw-git-2.55.0-doc"
            },
            {
              "name": "debug",
              "path": "/nix/store/1asxbx6r55sylz2ljdzk6404i0w28iri-git-2.55.0-debug"
            }
          ],
          "store_path": "/nix/store/clxhwm4v3gl0k3hazm0zpx14gz2w0clz-git-2.55.0"
        },
        "x86_64-linux": {
          "outputs": [
            {
              "name": "out",
              "path": "/nix/store/8yjpgadavqdwphcd2kw4dfvxmgdp5sb3-git-2.55.0",
              "default": true
            },
            {
              "name": "debug",
              "path": "/nix/store/xf0wk67lvyxg1bkwi2rf6iszxlvj0yxj-git-2.55.0-debug"
            },
            {
              "name": "doc",
              "path": "/nix/store/yvx5ayi3k6gh8xgk9yxc9gpy0jb7f14l-git-2.55.0-doc"
            }
          ],
          "store_path": "/nix/store/8yjpgadavqdwphcd2kw4dfvxmgdp5sb3-git-2.55.0"
        }
      }
    },
    "github:NixOS/nixpkgs/nixpkgs-unstable": {
      "last_modified": "2026-08-22T18:41:35Z",
      "resolved": "github:NixOS/nixpkgs/174eb786fb68e3a13e4e535a3deea479a0c07a6a?lastModified=1787424095&narHash=sha256-dWLO5AHhKaw6rdWCtTes8hnntT1r0%2FJ5yhQGm0f0ZgU%3D"
    },
    "jmeter@latest": {
      "last_modified": "2026-08-27T07:16:00Z",
      "resolved": "github:NixOS/nixpkgs/c27cdad491a991b11ed731760aa2ef8db0cb0410#jmeter",
      "source": "devbox-search",
      "version": "5.6.3",
      "systems": {
        "aarch64-darwin": {
          "outputs": [
            {
              "name": "out",
              "path": "/nix/store/rz3l05snk44ilkin5n17sw93z394pa0z-jmeter-5.6.3",
              "default": true
            }
          ],
          "store_path": "/nix/store/rz3l05snk44ilkin5n17sw93z394pa0z-jmeter-5.6.3"
        },
        "aarch64-linux": {
          "outputs": [
            {
              "name": "out",
              "path": "/nix/store/jc1g24dlsaiv21n4w1p31jca4gg0mbnn-jmeter-5.6.3",
              "default": true
            }
          ],
          "store_path": "/nix/store/jc1g24dlsaiv21n4w1p31jca4gg0mbnn-jmeter-5.6.3"
        },
        "x86_64-darwin": {
          "outputs": [
            {
              "name": "out",
              "path": "/nix/store/czx1hddd6xda6r4kqc2cngfasswnhvnn-jmeter-5.6.3",
              "default": true
            }
          ],
          "store_path": "/nix/store/czx1hddd6xda6r4kqc2cngfasswnhvnn-jmeter-5.6.3"
        },
        "x86_64-linux": {
          "outputs": [
            {
              "name": "out",
              "path": "/nix/store/q66535nhkswank91fck9vjgsc65d07jz-jmeter-5.6.3",
              "default": true
            }
          ],
          "store_path": "/nix/store/q66535nhkswank91fck9vjgsc65d07jz-jmeter-5.6.3"
        }
      }
    }
  }
}
